
Microsoft Visual Studio Solution File, Format Version 12.00
# Visual Studio Version 17
VisualStudioVersion = 17.7.34221.43
MinimumVisualStudioVersion = 10.0.40219.1
Project("{FAE04EC0-301F-11D3-BF4B-00C04F79EFBC}") = "WebApplication3", "WebApplication3.csproj", "{C3308BF9-09B9-40C5-8160-4DC625BC15EC}"
EndProject
Global
	GlobalSection(SolutionConfigurationPlatforms) = preSolution
		Debug|Any CPU = Debug|Any CPU
		Release|Any CPU = Release|Any CPU
	EndGlobalSection
	GlobalSection(ProjectConfigurationPlatforms) = postSolution
		{C3308BF9-09B9-40C5-8160-4DC625BC15EC}.Debug|Any CPU.ActiveCfg = Debug|Any CPU
		{C3308BF9-09B9-40C5-8160-4DC625BC15EC}.Debug|Any CPU.Build.0 = Debug|Any CPU
		{C3308BF9-09B9-40C5-8160-4DC625BC15EC}.Release|Any CPU.ActiveCfg = Release|Any CPU
		{C3308BF9-09B9-40C5-8160-4DC625BC15EC}.Release|Any CPU.Build.0 = Release|Any CPU
	EndGlobalSection
	GlobalSection(SolutionProperties) = preSolution
		HideSolutionNode = FALSE
	EndGlobalSection
	GlobalSection(ExtensibilityGlobals) = postSolution
		SolutionGuid = {1B889454-C84D-4F5C-AE01-3D70ABE5588A}
	EndGlobalSection
EndGlobal
